{
  "name": "project-ex03",
  "version": "1.0.0",
  "lockfileVersion": 2,
  "requires": true,
  "packages": {
    "": {
      "version": "1.0.0",
      "license": "ISC",
      "dependencies": {
        "yeominji-math": "file:../yeominji-math"
      }
    },
    "../yeominji-math": {
      "version": "1.0.0",
      "license": "ISC"
    },
    "node_modules/yeominji-math": {
      "resolved": "../yeominji-math",
      "link": true
    }
  },
  "dependencies": {
    "yeominji-math": {
      "version": "file:../yeominji-math"
    }
  }
}
